# THIS IS AN AUTOGENERATED FILE. DO NOT EDIT THIS FILE DIRECTLY.
# yarn lockfile v1


"@babel/runtime@^7.14.5", "@babel/runtime@^7.17.2":
  version "7.18.9"
  resolved "https://registry.yarnpkg.com/@babel/runtime/-/runtime-7.18.9.tgz#b4fcfce55db3d2e5e080d2490f608a3b9f407f4a"
  integrity sha512-lkqXDcvlFT5rvEjiu6+QYO+1GXrEHRo2LOtS7E4GtX5ESIZOgepqsZBVIj6Pv+a6zqsya9VCgiK1KAK4BvJDAw==
  dependencies:
    regenerator-runtime "^0.13.4"

"@react-native-async-storage/async-storage@^1.17.7":
  version "1.17.7"
  resolved "https://registry.yarnpkg.com/@react-native-async-storage/async-storage/-/async-storage-1.17.7.tgz#f9213e8cc6202a8c29df5a4da1db588f3b0fa8a9"
  integrity sha512-mDtWhCcpxzrZhA95f6zi0pnBsjBEZW1LKZWfxVXG0UfaWpPxDBCKowNk2xjRTytckZeVhjmPJPtBU+8QNQcR0A==
  dependencies:
    merge-options "^3.0.4"

html-parse-stringify@^3.0.1:
  version "3.0.1"
  resolved "https://registry.yarnpkg.com/html-parse-stringify/-/html-parse-stringify-3.0.1.tgz#dfc1017347ce9f77c8141a507f233040c59c55d2"
  integrity sha512-KknJ50kTInJ7qIScF3jeaFRpMpE8/lfiTdzf/twXyPBLAGrLRTmkz3AdTnKeh40X8k9L2fdYwEp/42WGXIRGcg==
  dependencies:
    void-elements "3.1.0"

i18next@^21.8.14:
  version "21.8.14"
  resolved "https://registry.yarnpkg.com/i18next/-/i18next-21.8.14.tgz#03a3a669ef4520aadd9d152c80596f600e287c6a"
  integrity sha512-4Yi+DtexvMm/Yw3Q9fllzY12SgLk+Mcmar+rCAccsOPul/2UmnBzoHbTGn/L48IPkFcmrNaH7xTLboBWIbH6pw==
  dependencies:
    "@babel/runtime" "^7.17.2"

is-plain-obj@^2.1.0:
  version "2.1.0"
  resolved "https://registry.yarnpkg.com/is-plain-obj/-/is-plain-obj-2.1.0.tgz#45e42e37fccf1f40da8e5f76ee21515840c09287"
  integrity sha512-YWnfyRwxL/+SsrWYfOpUtz5b3YD+nyfkHvjbcanzk8zgyO4ASD67uVMRt8k5bM4lLMDnXfriRhOpemw+NfT1eA==

merge-options@^3.0.4:
  version "3.0.4"
  resolved "https://registry.yarnpkg.com/merge-options/-/merge-options-3.0.4.tgz#84709c2aa2a4b24c1981f66c179fe5565cc6dbb7"
  integrity sha512-2Sug1+knBjkaMsMgf1ctR1Ujx+Ayku4EdJN4Z+C2+JzoeF7A3OZ9KM2GY0CpQS51NR61LTurMJrRKPhSs3ZRTQ==
  dependencies:
    is-plain-obj "^2.1.0"

react-i18next@^11.18.1:
  version "11.18.1"
  resolved "https://registry.yarnpkg.com/react-i18next/-/react-i18next-11.18.1.tgz#ba86ed09069e129b8623a28f2b9a03d7f105ea6f"
  integrity sha512-S8cl4mvIOSA7OQCE5jNy2yhv705Vwi+7PinpqKIYcBmX/trJtHKqrf6CL67WJSA8crr2JU+oxE9jn9DQIrQezg==
  dependencies:
    "@babel/runtime" "^7.14.5"
    html-parse-stringify "^3.0.1"

react-native-localize@^2.2.2:
  version "2.2.2"
  resolved "https://registry.yarnpkg.com/react-native-localize/-/react-native-localize-2.2.2.tgz#a1c6369000c9dae6800eded8ddb1673bf090f84e"
  integrity sha512-j9aAYyuZblq27XPW3h/cZuBP2WA1OOsEPjTHszPQ/YcM9VrrrYnfpJObP4IyghxmS8i+7Jhoh7qp8CjunfrFjw==

regenerator-runtime@^0.13.4:
  version "0.13.9"
  resolved "https://registry.yarnpkg.com/regenerator-runtime/-/regenerator-runtime-0.13.9.tgz#8925742a98ffd90814988d7566ad30ca3b263b52"
  integrity sha512-p3VT+cOEgxFsRRA9X4lkI1E+k2/CtnKtU4gcxyaCUreilL/vqI6CdZ3wxVUx3UOUg+gnUOQQcRI7BmSI656MYA==

void-elements@3.1.0:
  version "3.1.0"
  resolved "https://registry.yarnpkg.com/void-elements/-/void-elements-3.1.0.tgz#614f7fbf8d801f0bb5f0661f5b2f5785750e4f09"
  integrity sha512-Dhxzh5HZuiHQhbvTW9AMetFfBHDMYpo23Uo9btPXgdYP+3T5S+p+jgNy7spra+veYhBP2dCSgxR/i2Y02h5/6w==
